
Microsoft Visual Studio Solution File, Format Version 12.00
# Visual Studio Version 17
VisualStudioVersion = 17.5.002.0
MinimumVisualStudioVersion = 10.0.40219.1
Project("{9A19103F-16F7-4668-BE54-9A1E7A4F7556}") = "Source", "Source.csproj", "{3B2183B3-75B8-4F31-B432-CBEFEB9881FF}"
EndProject
Global
	GlobalSection(SolutionConfigurationPlatforms) = preSolution
		Debug|Any CPU = Debug|Any CPU
		Release|Any CPU = Release|Any CPU
	EndGlobalSection
	GlobalSection(ProjectConfigurationPlatforms) = postSolution
		{3B2183B3-75B8-4F31-B432-CBEFEB9881FF}.Debug|Any CPU.ActiveCfg = Debug|Any CPU
		{3B2183B3-75B8-4F31-B432-CBEFEB9881FF}.Debug|Any CPU.Build.0 = Debug|Any CPU
		{3B2183B3-75B8-4F31-B432-CBEFEB9881FF}.Release|Any CPU.ActiveCfg = Release|Any CPU
		{3B2183B3-75B8-4F31-B432-CBEFEB9881FF}.Release|Any CPU.Build.0 = Release|Any CPU
	EndGlobalSection
	GlobalSection(SolutionProperties) = preSolution
		HideSolutionNode = FALSE
	EndGlobalSection
	GlobalSection(ExtensibilityGlobals) = postSolution
		SolutionGuid = {44607583-EB37-4D83-B21D-8634E2ABBCB6}
	EndGlobalSection
EndGlobal
