
Microsoft Visual Studio Solution File, Format Version 12.00
# Visual Studio Version 17
VisualStudioVersion = 17.5.002.0
MinimumVisualStudioVersion = 10.0.40219.1
Project("{9A19103F-16F7-4668-BE54-9A1E7A4F7556}") = "Source", "CSCI490\Source.csproj", "{F708BC27-65BD-4CB8-AD7E-48796465E944}"
EndProject
Global
	GlobalSection(SolutionConfigurationPlatforms) = preSolution
		Debug|Any CPU = Debug|Any CPU
		Release|Any CPU = Release|Any CPU
	EndGlobalSection
	GlobalSection(ProjectConfigurationPlatforms) = postSolution
		{F708BC27-65BD-4CB8-AD7E-48796465E944}.Debug|Any CPU.ActiveCfg = Debug|Any CPU
		{F708BC27-65BD-4CB8-AD7E-48796465E944}.Debug|Any CPU.Build.0 = Debug|Any CPU
		{F708BC27-65BD-4CB8-AD7E-48796465E944}.Release|Any CPU.ActiveCfg = Release|Any CPU
		{F708BC27-65BD-4CB8-AD7E-48796465E944}.Release|Any CPU.Build.0 = Release|Any CPU
	EndGlobalSection
	GlobalSection(SolutionProperties) = preSolution
		HideSolutionNode = FALSE
	EndGlobalSection
	GlobalSection(ExtensibilityGlobals) = postSolution
		SolutionGuid = {57ACF8EA-BBBD-47C6-A6D9-36FAAA2398FA}
	EndGlobalSection
EndGlobal
