
Microsoft Visual Studio Solution File, Format Version 12.00
# Visual Studio Version 17
VisualStudioVersion = 17.7.34221.43
MinimumVisualStudioVersion = 10.0.40219.1
Project("{9A19103F-16F7-4668-BE54-9A1E7A4F7556}") = "CatalystCoins", "WinFormsTest1\CatalystCoins.csproj", "{B4E5BCF3-A905-42D2-8A74-8F696D905413}"
EndProject
Global
	GlobalSection(SolutionConfigurationPlatforms) = preSolution
		Debug|Any CPU = Debug|Any CPU
		Release|Any CPU = Release|Any CPU
	EndGlobalSection
	GlobalSection(ProjectConfigurationPlatforms) = postSolution
		{B4E5BCF3-A905-42D2-8A74-8F696D905413}.Debug|Any CPU.ActiveCfg = Debug|Any CPU
		{B4E5BCF3-A905-42D2-8A74-8F696D905413}.Debug|Any CPU.Build.0 = Debug|Any CPU
		{B4E5BCF3-A905-42D2-8A74-8F696D905413}.Release|Any CPU.ActiveCfg = Release|Any CPU
		{B4E5BCF3-A905-42D2-8A74-8F696D905413}.Release|Any CPU.Build.0 = Release|Any CPU
	EndGlobalSection
	GlobalSection(SolutionProperties) = preSolution
		HideSolutionNode = FALSE
	EndGlobalSection
	GlobalSection(ExtensibilityGlobals) = postSolution
		SolutionGuid = {7035D262-3FE0-4AAF-88CF-50E8D0980716}
	EndGlobalSection
EndGlobal
